// !$*UTF8*$!
{
	archiveVersion = 1;
	classes = {
	};
	objectVersion = 55;
	objects = {

/* Begin PBXBuildFile section */
		7A49F19828B03ABB0096EE30 /* BudgetAppApp.swift in Sources */ = {isa = PBXBuildFile; fileRef = 7A49F19728B03ABB0096EE30 /* BudgetAppApp.swift */; };
		7A49F19A28B03ABB0096EE30 /* ContentView.swift in Sources */ = {isa = PBXBuildFile; fileRef = 7A49F19928B03ABB0096EE30 /* ContentView.swift */; };
		7A49F19C28B03ABD0096EE30 /* Assets.xcassets in Resources */ = {isa = PBXBuildFile; fileRef = 7A49F19B28B03ABD0096EE30 /* Assets.xcassets */; };
		7A49F19F28B03ABD0096EE30 /* Preview Assets.xcassets in Resources */ = {isa = PBXBuildFile; fileRef = 7A49F19E28B03ABD0096EE30 /* Preview Assets.xcassets */; };
		7A49F1A928B03ABD0096EE30 /* BudgetAppTests.swift in Sources */ = {isa = PBXBuildFile; fileRef = 7A49F1A828B03ABD0096EE30 /* BudgetAppTests.swift */; };
		7A49F1B328B03ABD0096EE30 /* BudgetAppUITests.swift in Sources */ = {isa = PBXBuildFile; fileRef = 7A49F1B228B03ABD0096EE30 /* BudgetAppUITests.swift */; };
		7A49F1B528B03ABD0096EE30 /* BudgetAppUITestsLaunchTests.swift in Sources */ = {isa = PBXBuildFile; fileRef = 7A49F1B428B03ABD0096EE30 /* BudgetAppUITestsLaunchTests.swift */; };
		7A49F1C228B10A0C0096EE30 /* ExpenseList.swift in Sources */ = {isa = PBXBuildFile; fileRef = 7A49F1C128B10A0C0096EE30 /* ExpenseList.swift */; };
		7A49F1C628B14B3F0096EE30 /* Buttons.swift in Sources */ = {isa = PBXBuildFile; fileRef = 7A49F1C528B14B3F0096EE30 /* Buttons.swift */; };
		7A49F1C828B18E0C0096EE30 /* AlertWithInput.swift in Sources */ = {isa = PBXBuildFile; fileRef = 7A49F1C728B18E0C0096EE30 /* AlertWithInput.swift */; };
/* End PBXBuildFile section */

/* Begin PBXContainerItemProxy section */
		7A49F1A528B03ABD0096EE30 /* PBXContainerItemProxy */ = {
			isa = PBXContainerItemProxy;
			containerPortal = 7A49F18C28B03ABB0096EE30 /* Project object */;
			proxyType = 1;
			remoteGlobalIDString = 7A49F19328B03ABB0096EE30;
			remoteInfo = BudgetApp;
		};
		7A49F1AF28B03ABD0096EE30 /* PBXContainerItemProxy */ = {
			isa = PBXContainerItemProxy;
			containerPortal = 7A49F18C28B03ABB0096EE30 /* Project object */;
			proxyType = 1;
			remoteGlobalIDString = 7A49F19328B03ABB0096EE30;
			remoteInfo = BudgetApp;
		};
/* End PBXContainerItemProxy section */

/* Begin PBXFileReference section */
		7A49F19428B03ABB0096EE30 /* BudgetApp.app */ = {isa = PBXFileReference; explicitFileType = wrapper.application; includeInIndex = 0; path = BudgetApp.app; sourceTree = BUILT_PRODUCTS_DIR; };
		7A49F19728B03ABB0096EE30 /* BudgetAppApp.swift */ = {isa = PBXFileReference; lastKnownFileType = sourcecode.swift; path = BudgetAppApp.swift; sourceTree = "<group>"; };
		7A49F19928B03ABB0096EE30 /* ContentView.swift */ = {isa = PBXFileReference; lastKnownFileType = sourcecode.swift; path = ContentView.swift; sourceTree = "<group>"; };
		7A49F19B28B03ABD0096EE30 /* Assets.xcassets */ = {isa = PBXFileReference; lastKnownFileType = folder.assetcatalog; path = Assets.xcassets; sourceTree = "<group>"; };
		7A49F19E28B03ABD0096EE30 /* Preview Assets.xcassets */ = {isa = PBXFileReference; lastKnownFileType = folder.assetcatalog; path = "Preview Assets.xcassets"; sourceTree = "<group>"; };
		7A49F1A428B03ABD0096EE30 /* BudgetAppTests.xctest */ = {isa = PBXFileReference; explicitFileType = wrapper.cfbundle; includeInIndex = 0; path = BudgetAppTests.xctest; sourceTree = BUILT_PRODUCTS_DIR; };
		7A49F1A828B03ABD0096EE30 /* BudgetAppTests.swift */ = {isa = PBXFileReference; lastKnownFileType = sourcecode.swift; path = BudgetAppTests.swift; sourceTree = "<group>"; };
		7A49F1AE28B03ABD0096EE30 /* BudgetAppUITests.xctest */ = {isa = PBXFileReference; explicitFileType = wrapper.cfbundle; includeInIndex = 0; path = BudgetAppUITests.xctest; sourceTree = BUILT_PRODUCTS_DIR; };
		7A49F1B228B03ABD0096EE30 /* BudgetAppUITests.swift */ = {isa = PBXFileReference; lastKnownFileType = sourcecode.swift; path = BudgetAppUITests.swift; sourceTree = "<group>"; };
		7A49F1B428B03ABD0096EE30 /* BudgetAppUITestsLaunchTests.swift */ = {isa = PBXFileReference; lastKnownFileType = sourcecode.swift; path = BudgetAppUITestsLaunchTests.swift; sourceTree = "<group>"; };
		7A49F1C128B10A0C0096EE30 /* ExpenseList.swift */ = {isa = PBXFileReference; lastKnownFileType = sourcecode.swift; path = ExpenseList.swift; sourceTree = "<group>"; };
		7A49F1C528B14B3F0096EE30 /* Buttons.swift */ = {isa = PBXFileReference; lastKnownFileType = sourcecode.swift; path = Buttons.swift; sourceTree = "<group>"; };
		7A49F1C728B18E0C0096EE30 /* AlertWithInput.swift */ = {isa = PBXFileReference; lastKnownFileType = sourcecode.swift; path = AlertWithInput.swift; sourceTree = "<group>"; };
/* End PBXFileReference section */

/* Begin PBXFrameworksBuildPhase section */
		7A49F19128B03ABB0096EE30 /* Frameworks */ = {
			isa = PBXFrameworksBuildPhase;
			buildActionMask = 2147483647;
			files = (
			);
			runOnlyForDeploymentPostprocessing = 0;
		};
		7A49F1A128B03ABD0096EE30 /* Frameworks */ = {
			isa = PBXFrameworksBuildPhase;
			buildActionMask = 2147483647;
			files = (
			);
			runOnlyForDeploymentPostprocessing = 0;
		};
		7A49F1AB28B03ABD0096EE30 /* Frameworks */ = {
			isa = PBXFrameworksBuildPhase;
			buildActionMask = 2147483647;
			files = (
			);
			runOnlyForDeploymentPostprocessing = 0;
		};
/* End PBXFrameworksBuildPhase section */

/* Begin PBXGroup section */
		7A49F18B28B03ABB0096EE30 = {
			isa = PBXGroup;
			children = (
				7A49F19628B03ABB0096EE30 /* BudgetApp */,
				7A49F1A728B03ABD0096EE30 /* BudgetAppTests */,
				7A49F1B128B03ABD0096EE30 /* BudgetAppUITests */,
				7A49F19528B03ABB0096EE30 /* Products */,
			);
			sourceTree = "<group>";
		};
		7A49F19528B03ABB0096EE30 /* Products */ = {
			isa = PBXGroup;
			children = (
				7A49F19428B03ABB0096EE30 /* BudgetApp.app */,
				7A49F1A428B03ABD0096EE30 /* BudgetAppTests.xctest */,
				7A49F1AE28B03ABD0096EE30 /* BudgetAppUITests.xctest */,
			);
			name = Products;
			sourceTree = "<group>";
		};
		7A49F19628B03ABB0096EE30 /* BudgetApp */ = {
			isa = PBXGroup;
			children = (
				7A49F19728B03ABB0096EE30 /* BudgetAppApp.swift */,
				7A49F19928B03ABB0096EE30 /* ContentView.swift */,
				7A49F19B28B03ABD0096EE30 /* Assets.xcassets */,
				7A49F19D28B03ABD0096EE30 /* Preview Content */,
				7A49F1C128B10A0C0096EE30 /* ExpenseList.swift */,
				7A49F1C528B14B3F0096EE30 /* Buttons.swift */,
				7A49F1C728B18E0C0096EE30 /* AlertWithInput.swift */,
			);
			path = BudgetApp;
			sourceTree = "<group>";
		};
		7A49F19D28B03ABD0096EE30 /* Preview Content */ = {
			isa = PBXGroup;
			children = (
				7A49F19E28B03ABD0096EE30 /* Preview Assets.xcassets */,
			);
			path = "Preview Content";
			sourceTree = "<group>";
		};
		7A49F1A728B03ABD0096EE30 /* BudgetAppTests */ = {
			isa = PBXGroup;
			children = (
				7A49F1A828B03ABD0096EE30 /* BudgetAppTests.swift */,
			);
			path = BudgetAppTests;
			sourceTree = "<group>";
		};
		7A49F1B128B03ABD0096EE30 /* BudgetAppUITests */ = {
			isa = PBXGroup;
			children = (
				7A49F1B228B03ABD0096EE30 /* BudgetAppUITests.swift */,
				7A49F1B428B03ABD0096EE30 /* BudgetAppUITestsLaunchTests.swift */,
			);
			path = BudgetAppUITests;
			sourceTree = "<group>";
		};
/* End PBXGroup section */

/* Begin PBXNativeTarget section */
		7A49F19328B03ABB0096EE30 /* BudgetApp */ = {
			isa = PBXNativeTarget;
			buildConfigurationList = 7A49F1B828B03ABD0096EE30 /* Build configuration list for PBXNativeTarget "BudgetApp" */;
			buildPhases = (
				7A49F19028B03ABB0096EE30 /* Sources */,
				7A49F19128B03ABB0096EE30 /* Frameworks */,
				7A49F19228B03ABB0096EE30 /* Resources */,
			);
			buildRules = (
			);
			dependencies = (
			);
			name = BudgetApp;
			productName = BudgetApp;
			productReference = 7A49F19428B03ABB0096EE30 /* BudgetApp.app */;
			productType = "com.apple.product-type.application";
		};
		7A49F1A328B03ABD0096EE30 /* BudgetAppTests */ = {
			isa = PBXNativeTarget;
			buildConfigurationList = 7A49F1BB28B03ABD0096EE30 /* Build configuration list for PBXNativeTarget "BudgetAppTests" */;
			buildPhases = (
				7A49F1A028B03ABD0096EE30 /* Sources */,
				7A49F1A128B03ABD0096EE30 /* Frameworks */,
				7A49F1A228B03ABD0096EE30 /* Resources */,
			);
			buildRules = (
			);
			dependencies = (
				7A49F1A628B03ABD0096EE30 /* PBXTargetDependency */,
			);
			name = BudgetAppTests;
			productName = BudgetAppTests;
			productReference = 7A49F1A428B03ABD0096EE30 /* BudgetAppTests.xctest */;
			productType = "com.apple.product-type.bundle.unit-test";
		};
		7A49F1AD28B03ABD0096EE30 /* BudgetAppUITests */ = {
			isa = PBXNativeTarget;
			buildConfigurationList = 7A49F1BE28B03ABD0096EE30 /* Build configuration list for PBXNativeTarget "BudgetAppUITests" */;
			buildPhases = (
				7A49F1AA28B03ABD0096EE30 /* Sources */,
				7A49F1AB28B03ABD0096EE30 /* Frameworks */,
				7A49F1AC28B03ABD0096EE30 /* Resources */,
			);
			buildRules = (
			);
			dependencies = (
				7A49F1B028B03ABD0096EE30 /* PBXTargetDependency */,
			);
			name = BudgetAppUITests;
			productName = BudgetAppUITests;
			productReference = 7A49F1AE28B03ABD0096EE30 /* BudgetAppUITests.xctest */;
			productType = "com.apple.product-type.bundle.ui-testing";
		};
/* End PBXNativeTarget section */

/* Begin PBXProject section */
		7A49F18C28B03ABB0096EE30 /* Project object */ = {
			isa = PBXProject;
			attributes = {
				BuildIndependentTargetsInParallel = 1;
				LastSwiftUpdateCheck = 1340;
				LastUpgradeCheck = 1340;
				TargetAttributes = {
					7A49F19328B03ABB0096EE30 = {
						CreatedOnToolsVersion = 13.4.1;
					};
					7A49F1A328B03ABD0096EE30 = {
						CreatedOnToolsVersion = 13.4.1;
						TestTargetID = 7A49F19328B03ABB0096EE30;
					};
					7A49F1AD28B03ABD0096EE30 = {
						CreatedOnToolsVersion = 13.4.1;
						TestTargetID = 7A49F19328B03ABB0096EE30;
					};
				};
			};
			buildConfigurationList = 7A49F18F28B03ABB0096EE30 /* Build configuration list for PBXProject "BudgetApp" */;
			compatibilityVersion = "Xcode 13.0";
			developmentRegion = en;
			hasScannedForEncodings = 0;
			knownRegions = (
				en,
				Base,
			);
			mainGroup = 7A49F18B28B03ABB0096EE30;
			productRefGroup = 7A49F19528B03ABB0096EE30 /* Products */;
			projectDirPath = "";
			projectRoot = "";
			targets = (
				7A49F19328B03ABB0096EE30 /* BudgetApp */,
				7A49F1A328B03ABD0096EE30 /* BudgetAppTests */,
				7A49F1AD28B03ABD0096EE30 /* BudgetAppUITests */,
			);
		};
/* End PBXProject section */

/* Begin PBXResourcesBuildPhase section */
		7A49F19228B03ABB0096EE30 /* Resources */ = {
			isa = PBXResourcesBuildPhase;
			buildActionMask = 2147483647;
			files = (
				7A49F19F28B03ABD0096EE30 /* Preview Assets.xcassets in Resources */,
				7A49F19C28B03ABD0096EE30 /* Assets.xcassets in Resources */,
			);
			runOnlyForDeploymentPostprocessing = 0;
		};
		7A49F1A228B03ABD0096EE30 /* Resources */ = {
			isa = PBXResourcesBuildPhase;
			buildActionMask = 2147483647;
			files = (
			);
			runOnlyForDeploymentPostprocessing = 0;
		};
		7A49F1AC28B03ABD0096EE30 /* Resources */ = {
			isa = PBXResourcesBuildPhase;
			buildActionMask = 2147483647;
			files = (
			);
			runOnlyForDeploymentPostprocessing = 0;
		};
/* End PBXResourcesBuildPhase section */

/* Begin PBXSourcesBuildPhase section */
		7A49F19028B03ABB0096EE30 /* Sources */ = {
			isa = PBXSourcesBuildPhase;
			buildActionMask = 2147483647;
			files = (
				7A49F1C828B18E0C0096EE30 /* AlertWithInput.swift in Sources */,
				7A49F19A28B03ABB0096EE30 /* ContentView.swift in Sources */,
				7A49F1C228B10A0C0096EE30 /* ExpenseList.swift in Sources */,
				7A49F19828B03ABB0096EE30 /* BudgetAppApp.swift in Sources */,
				7A49F1C628B14B3F0096EE30 /* Buttons.swift in Sources */,
			);
			runOnlyForDeploymentPostprocessing = 0;
		};
		7A49F1A028B03ABD0096EE30 /* Sources */ = {
			isa = PBXSourcesBuildPhase;
			buildActionMask = 2147483647;
			files = (
				7A49F1A928B03ABD0096EE30 /* BudgetAppTests.swift in Sources */,
			);
			runOnlyForDeploymentPostprocessing = 0;
		};
		7A49F1AA28B03ABD0096EE30 /* Sources */ = {
			isa = PBXSourcesBuildPhase;
			buildActionMask = 2147483647;
			files = (
				7A49F1B328B03ABD0096EE30 /* BudgetAppUITests.swift in Sources */,
				7A49F1B528B03ABD0096EE30 /* BudgetAppUITestsLaunchTests.swift in Sources */,
			);
			runOnlyForDeploymentPostprocessing = 0;
		};
/* End PBXSourcesBuildPhase section */

/* Begin PBXTargetDependency section */
		7A49F1A628B03ABD0096EE30 /* PBXTargetDependency */ = {
			isa = PBXTargetDependency;
			target = 7A49F19328B03ABB0096EE30 /* BudgetApp */;
			targetProxy = 7A49F1A528B03ABD0096EE30 /* PBXContainerItemProxy */;
		};
		7A49F1B028B03ABD0096EE30 /* PBXTargetDependency */ = {
			isa = PBXTargetDependency;
			target = 7A49F19328B03ABB0096EE30 /* BudgetApp */;
			targetProxy = 7A49F1AF28B03ABD0096EE30 /* PBXContainerItemProxy */;
		};
/* End PBXTargetDependency section */

/* Begin XCBuildConfiguration section */
		7A49F1B628B03ABD0096EE30 /* Debug */ = {
			isa = XCBuildConfiguration;
			buildSettings = {
				ALWAYS_SEARCH_USER_PATHS = NO;
				CLANG_ANALYZER_NONNULL = YES;
				CLANG_ANALYZER_NUMBER_OBJECT_CONVERSION = YES_AGGRESSIVE;
				CLANG_CXX_LANGUAGE_STANDARD = "gnu++17";
				CLANG_ENABLE_MODULES = YES;
				CLANG_ENABLE_OBJC_ARC = YES;
				CLANG_ENABLE_OBJC_WEAK = YES;
				CLANG_WARN_BLOCK_CAPTURE_AUTORELEASING = YES;
				CLANG_WARN_BOOL_CONVERSION = YES;
				CLANG_WARN_COMMA = YES;
				CLANG_WARN_CONSTANT_CONVERSION = YES;
				CLANG_WARN_DEPRECATED_OBJC_IMPLEMENTATIONS = YES;
				CLANG_WARN_DIRECT_OBJC_ISA_USAGE = YES_ERROR;
				CLANG_WARN_DOCUMENTATION_COMMENTS = YES;
				CLANG_WARN_EMPTY_BODY = YES;
				CLANG_WARN_ENUM_CONVERSION = YES;
				CLANG_WARN_INFINITE_RECURSION = YES;
				CLANG_WARN_INT_CONVERSION = YES;
				CLANG_WARN_NON_LITERAL_NULL_CONVERSION = YES;
				CLANG_WARN_OBJC_IMPLICIT_RETAIN_SELF = YES;
				CLANG_WARN_OBJC_LITERAL_CONVERSION = YES;
				CLANG_WARN_OBJC_ROOT_CLASS = YES_ERROR;
				CLANG_WARN_QUOTED_INCLUDE_IN_FRAMEWORK_HEADER = YES;
				CLANG_WARN_RANGE_LOOP_ANALYSIS = YES;
				CLANG_WARN_STRICT_PROTOTYPES = YES;
				CLANG_WARN_SUSPICIOUS_MOVE = YES;
				CLANG_WARN_UNGUARDED_AVAILABILITY = YES_AGGRESSIVE;
				CLANG_WARN_UNREACHABLE_CODE = YES;
				CLANG_WARN__DUPLICATE_METHOD_MATCH = YES;
				COPY_PHASE_STRIP = NO;
				DEBUG_INFORMATION_FORMAT = dwarf;
				ENABLE_STRICT_OBJC_MSGSEND = YES;
				ENABLE_TESTABILITY = YES;
				GCC_C_LANGUAGE_STANDARD = gnu11;
				GCC_DYNAMIC_NO_PIC = NO;
				GCC_NO_COMMON_BLOCKS = YES;
				GCC_OPTIMIZATION_LEVEL = 0;
				GCC_PREPROCESSOR_DEFINITIONS = (
					"DEBUG=1",
					"$(inherited)",
				);
				GCC_WARN_64_TO_32_BIT_CONVERSION = YES;
				GCC_WARN_ABOUT_RETURN_TYPE = YES_ERROR;
				GCC_WARN_UNDECLARED_SELECTOR = YES;
				GCC_WARN_UNINITIALIZED_AUTOS = YES_AGGRESSIVE;
				GCC_WARN_UNUSED_FUNCTION = YES;
				GCC_WARN_UNUSED_VARIABLE = YES;
				IPHONEOS_DEPLOYMENT_TARGET = 15.5;
				MTL_ENABLE_DEBUG_INFO = INCLUDE_SOURCE;
				MTL_FAST_MATH = YES;
				ONLY_ACTIVE_ARCH = YES;
				SDKROOT = iphoneos;
				SWIFT_ACTIVE_COMPILATION_CONDITIONS = DEBUG;
				SWIFT_OPTIMIZATION_LEVEL = "-Onone";
			};
			name = Debug;
		};
		7A49F1B728B03ABD0096EE30 /* Release */ = {
			isa = XCBuildConfiguration;
			buildSettings = {
				ALWAYS_SEARCH_USER_PATHS = NO;
				CLANG_ANALYZER_NONNULL = YES;
				CLANG_ANALYZER_NUMBER_OBJECT_CONVERSION = YES_AGGRESSIVE;
				CLANG_CXX_LANGUAGE_STANDARD = "gnu++17";
				CLANG_ENABLE_MODULES = YES;
				CLANG_ENABLE_OBJC_ARC = YES;
				CLANG_ENABLE_OBJC_WEAK = YES;
				CLANG_WARN_BLOCK_CAPTURE_AUTORELEASING = YES;
				CLANG_WARN_BOOL_CONVERSION = YES;
				CLANG_WARN_COMMA = YES;
				CLANG_WARN_CONSTANT_CONVERSION = YES;
				CLANG_WARN_DEPRECATED_OBJC_IMPLEMENTATIONS = YES;
				CLANG_WARN_DIRECT_OBJC_ISA_USAGE = YES_ERROR;
				CLANG_WARN_DOCUMENTATION_COMMENTS = YES;
				CLANG_WARN_EMPTY_BODY = YES;
				CLANG_WARN_ENUM_CONVERSION = YES;
				CLANG_WARN_INFINITE_RECURSION = YES;
				CLANG_WARN_INT_CONVERSION = YES;
				CLANG_WARN_NON_LITERAL_NULL_CONVERSION = YES;
				CLANG_WARN_OBJC_IMPLICIT_RETAIN_SELF = YES;
				CLANG_WARN_OBJC_LITERAL_CONVERSION = YES;
				CLANG_WARN_OBJC_ROOT_CLASS = YES_ERROR;
				CLANG_WARN_QUOTED_INCLUDE_IN_FRAMEWORK_HEADER = YES;
				CLANG_WARN_RANGE_LOOP_ANALYSIS = YES;
				CLANG_WARN_STRICT_PROTOTYPES = YES;
				CLANG_WARN_SUSPICIOUS_MOVE = YES;
				CLANG_WARN_UNGUARDED_AVAILABILITY = YES_AGGRESSIVE;
				CLANG_WARN_UNREACHABLE_CODE = YES;
				CLANG_WARN__DUPLICATE_METHOD_MATCH = YES;
				COPY_PHASE_STRIP = NO;
				DEBUG_INFORMATION_FORMAT = "dwarf-with-dsym";
				ENABLE_NS_ASSERTIONS = NO;
				ENABLE_STRICT_OBJC_MSGSEND = YES;
				GCC_C_LANGUAGE_STANDARD = gnu11;
				GCC_NO_COMMON_BLOCKS = YES;
				GCC_WARN_64_TO_32_BIT_CONVERSION = YES;
				GCC_WARN_ABOUT_RETURN_TYPE = YES_ERROR;
				GCC_WARN_UNDECLARED_SELECTOR = YES;
				GCC_WARN_UNINITIALIZED_AUTOS = YES_AGGRESSIVE;
				GCC_WARN_UNUSED_FUNCTION = YES;
				GCC_WARN_UNUSED_VARIABLE = YES;
				IPHONEOS_DEPLOYMENT_TARGET = 15.5;
				MTL_ENABLE_DEBUG_INFO = NO;
				MTL_FAST_MATH = YES;
				SDKROOT = iphoneos;
				SWIFT_COMPILATION_MODE = wholemodule;
				SWIFT_OPTIMIZATION_LEVEL = "-O";
				VALIDATE_PRODUCT = YES;
			};
			name = Release;
		};
		7A49F1B928B03ABD0096EE30 /* Debug */ = {
			isa = XCBuildConfiguration;
			buildSettings = {
				ASSETCATALOG_COMPILER_APPICON_NAME = AppIcon;
				ASSETCATALOG_COMPILER_GLOBAL_ACCENT_COLOR_NAME = AccentColor;
				CODE_SIGN_STYLE = Automatic;
				CURRENT_PROJECT_VERSION = 1;
				DEVELOPMENT_ASSET_PATHS = "\"BudgetApp/Preview Content\"";
				DEVELOPMENT_TEAM = M633XA2JFA;
				ENABLE_PREVIEWS = YES;
				GENERATE_INFOPLIST_FILE = YES;
				INFOPLIST_KEY_UIApplicationSceneManifest_Generation = YES;
				INFOPLIST_KEY_UIApplicationSupportsIndirectInputEvents = YES;
				INFOPLIST_KEY_UILaunchScreen_Generation = YES;
				INFOPLIST_KEY_UISupportedInterfaceOrientations_iPad = "UIInterfaceOrientationPortrait UIInterfaceOrientationPortraitUpsideDown UIInterfaceOrientationLandscapeLeft UIInterfaceOrientationLandscapeRight";
				INFOPLIST_KEY_UISupportedInterfaceOrientations_iPhone = "UIInterfaceOrientationPortrait UIInterfaceOrientationLandscapeLeft UIInterfaceOrientationLandscapeRight";
				LD_RUNPATH_SEARCH_PATHS = (
					"$(inherited)",
					"@executable_path/Frameworks",
				);
				MARKETING_VERSION = 1.0;
				PRODUCT_BUNDLE_IDENTIFIER = "sus-tech.BudgetApp";
				PRODUCT_NAME = "$(TARGET_NAME)";
				SWIFT_EMIT_LOC_STRINGS = YES;
				SWIFT_VERSION = 5.0;
				TARGETED_DEVICE_FAMILY = "1,2";
			};
			name = Debug;
		};
		7A49F1BA28B03ABD0096EE30 /* Release */ = {
			isa = XCBuildConfiguration;
			buildSettings = {
				ASSETCATALOG_COMPILER_APPICON_NAME = AppIcon;
				ASSETCATALOG_COMPILER_GLOBAL_ACCENT_COLOR_NAME = AccentColor;
				CODE_SIGN_STYLE = Automatic;
				CURRENT_PROJECT_VERSION = 1;
				DEVELOPMENT_ASSET_PATHS = "\"BudgetApp/Preview Content\"";
				DEVELOPMENT_TEAM = M633XA2JFA;
				ENABLE_PREVIEWS = YES;
				GENERATE_INFOPLIST_FILE = YES;
				INFOPLIST_KEY_UIApplicationSceneManifest_Generation = YES;
				INFOPLIST_KEY_UIApplicationSupportsIndirectInputEvents = YES;
				INFOPLIST_KEY_UILaunchScreen_Generation = YES;
				INFOPLIST_KEY_UISupportedInterfaceOrientations_iPad = "UIInterfaceOrientationPortrait UIInterfaceOrientationPortraitUpsideDown UIInterfaceOrientationLandscapeLeft UIInterfaceOrientationLandscapeRight";
				INFOPLIST_KEY_UISupportedInterfaceOrientations_iPhone = "UIInterfaceOrientationPortrait UIInterfaceOrientationLandscapeLeft UIInterfaceOrientationLandscapeRight";
				LD_RUNPATH_SEARCH_PATHS = (
					"$(inherited)",
					"@executable_path/Frameworks",
				);
				MARKETING_VERSION = 1.0;
				PRODUCT_BUNDLE_IDENTIFIER = "sus-tech.BudgetApp";
				PRODUCT_NAME = "$(TARGET_NAME)";
				SWIFT_EMIT_LOC_STRINGS = YES;
				SWIFT_VERSION = 5.0;
				TARGETED_DEVICE_FAMILY = "1,2";
			};
			name = Release;
		};
		7A49F1BC28B03ABD0096EE30 /* Debug */ = {
			isa = XCBuildConfiguration;
			buildSettings = {
				ALWAYS_EMBED_SWIFT_STANDARD_LIBRARIES = YES;
				BUNDLE_LOADER = "$(TEST_HOST)";
				CODE_SIGN_STYLE = Automatic;
				CURRENT_PROJECT_VERSION = 1;
				DEVELOPMENT_TEAM = M633XA2JFA;
				GENERATE_INFOPLIST_FILE = YES;
				IPHONEOS_DEPLOYMENT_TARGET = 15.5;
				MARKETING_VERSION = 1.0;
				PRODUCT_BUNDLE_IDENTIFIER = "sus-tech.BudgetAppTests";
				PRODUCT_NAME = "$(TARGET_NAME)";
				SWIFT_EMIT_LOC_STRINGS = NO;
				SWIFT_VERSION = 5.0;
				TARGETED_DEVICE_FAMILY = "1,2";
				TEST_HOST = "$(BUILT_PRODUCTS_DIR)/BudgetApp.app/BudgetApp";
			};
			name = Debug;
		};
		7A49F1BD28B03ABD0096EE30 /* Release */ = {
			isa = XCBuildConfiguration;
			buildSettings = {
				ALWAYS_EMBED_SWIFT_STANDARD_LIBRARIES = YES;
				BUNDLE_LOADER = "$(TEST_HOST)";
				CODE_SIGN_STYLE = Automatic;
				CURRENT_PROJECT_VERSION = 1;
				DEVELOPMENT_TEAM = M633XA2JFA;
				GENERATE_INFOPLIST_FILE = YES;
				IPHONEOS_DEPLOYMENT_TARGET = 15.5;
				MARKETING_VERSION = 1.0;
				PRODUCT_BUNDLE_IDENTIFIER = "sus-tech.BudgetAppTests";
				PRODUCT_NAME = "$(TARGET_NAME)";
				SWIFT_EMIT_LOC_STRINGS = NO;
				SWIFT_VERSION = 5.0;
				TARGETED_DEVICE_FAMILY = "1,2";
				TEST_HOST = "$(BUILT_PRODUCTS_DIR)/BudgetApp.app/BudgetApp";
			};
			name = Release;
		};
		7A49F1BF28B03ABD0096EE30 /* Debug */ = {
			isa = XCBuildConfiguration;
			buildSettings = {
				ALWAYS_EMBED_SWIFT_STANDARD_LIBRARIES = YES;
				CODE_SIGN_STYLE = Automatic;
				CURRENT_PROJECT_VERSION = 1;
				DEVELOPMENT_TEAM = M633XA2JFA;
				GENERATE_INFOPLIST_FILE = YES;
				MARKETING_VERSION = 1.0;
				PRODUCT_BUNDLE_IDENTIFIER = "sus-tech.BudgetAppUITests";
				PRODUCT_NAME = "$(TARGET_NAME)";
				SWIFT_EMIT_LOC_STRINGS = NO;
				SWIFT_VERSION = 5.0;
				TARGETED_DEVICE_FAMILY = "1,2";
				TEST_TARGET_NAME = BudgetApp;
			};
			name = Debug;
		};
		7A49F1C028B03ABD0096EE30 /* Release */ = {
			isa = XCBuildConfiguration;
			buildSettings = {
				ALWAYS_EMBED_SWIFT_STANDARD_LIBRARIES = YES;
				CODE_SIGN_STYLE = Automatic;
				CURRENT_PROJECT_VERSION = 1;
				DEVELOPMENT_TEAM = M633XA2JFA;
				GENERATE_INFOPLIST_FILE = YES;
				MARKETING_VERSION = 1.0;
				PRODUCT_BUNDLE_IDENTIFIER = "sus-tech.BudgetAppUITests";
				PRODUCT_NAME = "$(TARGET_NAME)";
				SWIFT_EMIT_LOC_STRINGS = NO;
				SWIFT_VERSION = 5.0;
				TARGETED_DEVICE_FAMILY = "1,2";
				TEST_TARGET_NAME = BudgetApp;
			};
			name = Release;
		};
/* End XCBuildConfiguration section */

/* Begin XCConfigurationList section */
		7A49F18F28B03ABB0096EE30 /* Build configuration list for PBXProject "BudgetApp" */ = {
			isa = XCConfigurationList;
			buildConfigurations = (
				7A49F1B628B03ABD0096EE30 /* Debug */,
				7A49F1B728B03ABD0096EE30 /* Release */,
			);
			defaultConfigurationIsVisible = 0;
			defaultConfigurationName = Release;
		};
		7A49F1B828B03ABD0096EE30 /* Build configuration list for PBXNativeTarget "BudgetApp" */ = {
			isa = XCConfigurationList;
			buildConfigurations = (
				7A49F1B928B03ABD0096EE30 /* Debug */,
				7A49F1BA28B03ABD0096EE30 /* Release */,
			);
			defaultConfigurationIsVisible = 0;
			defaultConfigurationName = Release;
		};
		7A49F1BB28B03ABD0096EE30 /* Build configuration list for PBXNativeTarget "BudgetAppTests" */ = {
			isa = XCConfigurationList;
			buildConfigurations = (
				7A49F1BC28B03ABD0096EE30 /* Debug */,
				7A49F1BD28B03ABD0096EE30 /* Release */,
			);
			defaultConfigurationIsVisible = 0;
			defaultConfigurationName = Release;
		};
		7A49F1BE28B03ABD0096EE30 /* Build configuration list for PBXNativeTarget "BudgetAppUITests" */ = {
			isa = XCConfigurationList;
			buildConfigurations = (
				7A49F1BF28B03ABD0096EE30 /* Debug */,
				7A49F1C028B03ABD0096EE30 /* Release */,
			);
			defaultConfigurationIsVisible = 0;
			defaultConfigurationName = Release;
		};
/* End XCConfigurationList section */
	};
	rootObject = 7A49F18C28B03ABB0096EE30 /* Project object */;
}
